<?xml version="1.0" encoding="utf-8"?>
<Project ToolsVersion="4.0" xmlns="http://schemas.microsoft.com/developer/msbuild/2003">
  <ItemGroup>
    <Filter Include="소스 파일">
      <UniqueIdentifier>{4FC737F1-C7A5-4376-A066-2A32D752A2FF}</UniqueIdentifier>
      <Extensions>cpp;c;cc;cxx;c++;cppm;ixx;def;odl;idl;hpj;bat;asm;asmx</Extensions>
    </Filter>
    <Filter Include="헤더 파일">
      <UniqueIdentifier>{93995380-89BD-4b04-88EB-625FBE52EBFB}</UniqueIdentifier>
      <Extensions>h;hh;hpp;hxx;h++;hm;inl;inc;ipp;xsd</Extensions>
    </Filter>
    <Filter Include="리소스 파일">
      <UniqueIdentifier>{67DA6AB6-F800-4c08-8B7A-83BB121AAD01}</UniqueIdentifier>
      <Extensions>rc;ico;cur;bmp;dlg;rc2;rct;bin;rgs;gif;jpg;jpeg;jpe;resx;tiff;tif;png;wav;mfcribbon-ms</Extensions>
    </Filter>
  </ItemGroup>
  <ItemGroup>
    <ClInclude Include="source\core.debug.h">
      <Filter>헤더 파일</Filter>
    </ClInclude>
    <ClInclude Include="source\core.engine definitions.h">
      <Filter>헤더 파일</Filter>
    </ClInclude>
    <ClInclude Include="source\core.flags.h">
      <Filter>헤더 파일</Filter>
    </ClInclude>
    <ClInclude Include="source\core.macro restrictions.h">
      <Filter>헤더 파일</Filter>
    </ClInclude>
    <ClInclude Include="source\core.types.h">
      <Filter>헤더 파일</Filter>
    </ClInclude>
    <ClInclude Include="source\kismet.math.vector.hxx">
      <Filter>헤더 파일</Filter>
    </ClInclude>
    <ClInclude Include="source\memory.double buffer.hxx">
      <Filter>헤더 파일</Filter>
    </ClInclude>
    <ClInclude Include="source\memory.allocator.hxx">
      <Filter>헤더 파일</Filter>
    </ClInclude>
    <ClInclude Include="source\memory.dynamic array.hxx">
      <Filter>헤더 파일</Filter>
    </ClInclude>
    <ClInclude Include="source\memory.indirect.hxx">
      <Filter>헤더 파일</Filter>
    </ClInclude>
    <ClInclude Include="source\memory.string.hxx">
      <Filter>헤더 파일</Filter>
    </ClInclude>
    <ClInclude Include="source\memory.unique.hxx">
      <Filter>헤더 파일</Filter>
    </ClInclude>
    <ClInclude Include="source\utility.clock.hpp">
      <Filter>헤더 파일</Filter>
    </ClInclude>
    <ClInclude Include="source\utility.math.hxx">
      <Filter>헤더 파일</Filter>
    </ClInclude>
    <ClInclude Include="source\utility.random.h">
      <Filter>헤더 파일</Filter>
    </ClInclude>
    <ClInclude Include="source\utility.singleton.hxx">
      <Filter>헤더 파일</Filter>
    </ClInclude>
  </ItemGroup>
  <ItemGroup>
    <ClCompile Include="test main.cxx">
      <Filter>소스 파일</Filter>
    </ClCompile>
  </ItemGroup>
</Project>